
Microsoft Visual Studio Solution File, Format Version 12.00
# Visual Studio Version 16
VisualStudioVersion = 16.0.31624.102
MinimumVisualStudioVersion = 10.0.40219.1
Project("{888888A0-9F3D-457C-B088-3A5042F75D52}") = "BIAI", "BIAI.pyproj", "{8818134B-BBDC-4869-A8C1-96FF8759348A}"
EndProject
Global
	GlobalSection(SolutionConfigurationPlatforms) = preSolution
		Debug|Any CPU = Debug|Any CPU
		Release|Any CPU = Release|Any CPU
	EndGlobalSection
	GlobalSection(ProjectConfigurationPlatforms) = postSolution
		{8818134B-BBDC-4869-A8C1-96FF8759348A}.Debug|Any CPU.ActiveCfg = Debug|Any CPU
		{8818134B-BBDC-4869-A8C1-96FF8759348A}.Release|Any CPU.ActiveCfg = Release|Any CPU
	EndGlobalSection
	GlobalSection(SolutionProperties) = preSolution
		HideSolutionNode = FALSE
	EndGlobalSection
	GlobalSection(ExtensibilityGlobals) = postSolution
		SolutionGuid = {B6F08CD8-ED70-4799-9C30-C6039F3DBC81}
	EndGlobalSection
EndGlobal
